
Microsoft Visual Studio Solution File, Format Version 12.00
# Visual Studio Version 17
VisualStudioVersion = 17.9.34701.34
MinimumVisualStudioVersion = 10.0.40219.1
Project("{FAE04EC0-301F-11D3-BF4B-00C04F79EFBC}") = "MVVM", "MVVM\MVVM.csproj", "{245833F0-1F8B-4C02-A81C-4DC0A18089EF}"
EndProject
Global
	GlobalSection(SolutionConfigurationPlatforms) = preSolution
		Debug|Any CPU = Debug|Any CPU
		Release|Any CPU = Release|Any CPU
	EndGlobalSection
	GlobalSection(ProjectConfigurationPlatforms) = postSolution
		{245833F0-1F8B-4C02-A81C-4DC0A18089EF}.Debug|Any CPU.ActiveCfg = Debug|Any CPU
		{245833F0-1F8B-4C02-A81C-4DC0A18089EF}.Debug|Any CPU.Build.0 = Debug|Any CPU
		{245833F0-1F8B-4C02-A81C-4DC0A18089EF}.Release|Any CPU.ActiveCfg = Release|Any CPU
		{245833F0-1F8B-4C02-A81C-4DC0A18089EF}.Release|Any CPU.Build.0 = Release|Any CPU
	EndGlobalSection
	GlobalSection(SolutionProperties) = preSolution
		HideSolutionNode = FALSE
	EndGlobalSection
	GlobalSection(ExtensibilityGlobals) = postSolution
		SolutionGuid = {8C3D0954-74ED-4500-B07E-9EA494F42564}
	EndGlobalSection
EndGlobal
